{
  "name": "internship-portal",
  "version": "1.0.0",
  "lockfileVersion": 2,
  "requires": true,
  "packages": {
    "": {
      "name": "internship-portal",
      "version": "1.0.0",
      "dependencies": {
        "react": "^18.2.0",
        "react-dom": "^18.2.0",
        "react-scripts": "5.0.1",
        "axios": "^1.6.0"
      },
      "devDependencies": {
        "@testing-library/react": "^14.0.0",
        "@testing-library/jest-dom": "^6.1.0",
        "jest": "^29.7.0",
        "eslint": "^8.50.0",
        "cypress": "^13.6.0"
      }
    }
  }
}
